
Microsoft Visual Studio Solution File, Format Version 12.00
# Visual Studio Version 17
VisualStudioVersion = 17.8.34330.188
MinimumVisualStudioVersion = 10.0.40219.1
Project("{9A19103F-16F7-4668-BE54-9A1E7A4F7556}") = "Usuarios", "Usuario\Usuarios.csproj", "{C5F1B968-B2F9-4485-9E2B-6E72549801B3}"
EndProject
Project("{9A19103F-16F7-4668-BE54-9A1E7A4F7556}") = "Tarefas", "Tarefas\Tarefas.csproj", "{B11EBBB3-5106-4A6E-84FA-AAA78CC8BE74}"
EndProject
Project("{9A19103F-16F7-4668-BE54-9A1E7A4F7556}") = "AcessoAutenticacao", "AcessoAutenticacao\AcessoAutenticacao.csproj", "{2C5A1839-D365-44A3-A0B2-4CB33275BD8F}"
EndProject
Project("{9A19103F-16F7-4668-BE54-9A1E7A4F7556}") = "UI", "UI\UI.csproj", "{4C3A6FC9-3BC7-46F9-BCED-BBD795ED3258}"
EndProject
Project("{9A19103F-16F7-4668-BE54-9A1E7A4F7556}") = "ManipuladorDeArquivos", "ManipuladorDeArquivos\ManipuladorDeArquivos.csproj", "{A4D24B1E-6621-4961-9B4C-0B2E35559189}"
EndProject
Global
	GlobalSection(SolutionConfigurationPlatforms) = preSolution
		Debug|Any CPU = Debug|Any CPU
		Release|Any CPU = Release|Any CPU
	EndGlobalSection
	GlobalSection(ProjectConfigurationPlatforms) = postSolution
		{C5F1B968-B2F9-4485-9E2B-6E72549801B3}.Debug|Any CPU.ActiveCfg = Debug|Any CPU
		{C5F1B968-B2F9-4485-9E2B-6E72549801B3}.Debug|Any CPU.Build.0 = Debug|Any CPU
		{C5F1B968-B2F9-4485-9E2B-6E72549801B3}.Release|Any CPU.ActiveCfg = Release|Any CPU
		{C5F1B968-B2F9-4485-9E2B-6E72549801B3}.Release|Any CPU.Build.0 = Release|Any CPU
		{B11EBBB3-5106-4A6E-84FA-AAA78CC8BE74}.Debug|Any CPU.ActiveCfg = Debug|Any CPU
		{B11EBBB3-5106-4A6E-84FA-AAA78CC8BE74}.Debug|Any CPU.Build.0 = Debug|Any CPU
		{B11EBBB3-5106-4A6E-84FA-AAA78CC8BE74}.Release|Any CPU.ActiveCfg = Release|Any CPU
		{B11EBBB3-5106-4A6E-84FA-AAA78CC8BE74}.Release|Any CPU.Build.0 = Release|Any CPU
		{2C5A1839-D365-44A3-A0B2-4CB33275BD8F}.Debug|Any CPU.ActiveCfg = Debug|Any CPU
		{2C5A1839-D365-44A3-A0B2-4CB33275BD8F}.Debug|Any CPU.Build.0 = Debug|Any CPU
		{2C5A1839-D365-44A3-A0B2-4CB33275BD8F}.Release|Any CPU.ActiveCfg = Release|Any CPU
		{2C5A1839-D365-44A3-A0B2-4CB33275BD8F}.Release|Any CPU.Build.0 = Release|Any CPU
		{4C3A6FC9-3BC7-46F9-BCED-BBD795ED3258}.Debug|Any CPU.ActiveCfg = Debug|Any CPU
		{4C3A6FC9-3BC7-46F9-BCED-BBD795ED3258}.Debug|Any CPU.Build.0 = Debug|Any CPU
		{4C3A6FC9-3BC7-46F9-BCED-BBD795ED3258}.Release|Any CPU.ActiveCfg = Release|Any CPU
		{4C3A6FC9-3BC7-46F9-BCED-BBD795ED3258}.Release|Any CPU.Build.0 = Release|Any CPU
		{A4D24B1E-6621-4961-9B4C-0B2E35559189}.Debug|Any CPU.ActiveCfg = Debug|Any CPU
		{A4D24B1E-6621-4961-9B4C-0B2E35559189}.Debug|Any CPU.Build.0 = Debug|Any CPU
		{A4D24B1E-6621-4961-9B4C-0B2E35559189}.Release|Any CPU.ActiveCfg = Release|Any CPU
		{A4D24B1E-6621-4961-9B4C-0B2E35559189}.Release|Any CPU.Build.0 = Release|Any CPU
	EndGlobalSection
	GlobalSection(SolutionProperties) = preSolution
		HideSolutionNode = FALSE
	EndGlobalSection
	GlobalSection(ExtensibilityGlobals) = postSolution
		SolutionGuid = {40428F2E-BDB7-46E3-8D91-BDC726846E2F}
	EndGlobalSection
EndGlobal
